{
  "lockfileVersion": 1,
  "workspaces": {
    "": {
      "name": "react",
      "dependencies": {
        "@openrouter/ai-sdk-provider": "^1.2.0",
        "@opentui/core": "^0.1.25",
        "@opentui/react": "^0.1.25",
        "ai": "^5.0.60",
        "marked": "^16.3.0",
        "react": "^19.2.0",
        "zod": "^3.25.76",
      },
      "devDependencies": {
        "@types/bun": "latest",
      },
      "peerDependencies": {
        "typescript": "^5.9.2",
      },
    },
  },
  "packages": {
    "@ai-sdk/gateway": ["@ai-sdk/gateway@1.0.33", "", { "dependencies": { "@ai-sdk/provider": "2.0.0", "@ai-sdk/provider-utils": "3.0.10", "@vercel/oidc": "^3.0.1" }, "peerDependencies": { "zod": "^3.25.76 || ^4.1.8" } }, "sha512-v9i3GPEo4t3fGcSkQkc07xM6KJN75VUv7C1Mqmmsu2xD8lQwnQfsrgAXyNuWe20yGY0eHuheSPDZhiqsGKtH1g=="],

    "@ai-sdk/provider": ["@ai-sdk/provider@2.0.0", "", { "dependencies": { "json-schema": "^0.4.0" } }, "sha512-6o7Y2SeO9vFKB8lArHXehNuusnpddKPk7xqL7T2/b+OvXMRIXUO1rR4wcv1hAFUAT9avGZshty3Wlua/XA7TvA=="],

    "@ai-sdk/provider-utils": ["@ai-sdk/provider-utils@3.0.10", "", { "dependencies": { "@ai-sdk/provider": "2.0.0", "@standard-schema/spec": "^1.0.0", "eventsource-parser": "^3.0.5" }, "peerDependencies": { "zod": "^3.25.76 || ^4.1.8" } }, "sha512-T1gZ76gEIwffep6MWI0QNy9jgoybUHE7TRaHB5k54K8mF91ciGFlbtCGxDYhMH3nCRergKwYFIDeFF0hJSIQHQ=="],

    "@dimforge/rapier2d-simd-compat": ["@dimforge/rapier2d-simd-compat@0.17.3", "", {}, "sha512-bijvwWz6NHsNj5e5i1vtd3dU2pDhthSaTUZSh14DUGGKJfw8eMnlWZsxwHBxB/a3AXVNDjL9abuHw1k9FGR+jg=="],

    "@openrouter/ai-sdk-provider": ["@openrouter/ai-sdk-provider@1.2.0", "", { "peerDependencies": { "ai": "^5.0.0", "zod": "^3.24.1 || ^v4" } }, "sha512-stuIwq7Yb7DNmk3GuCtz+oS3nZOY4TXEV3V5KsknDGQN7Fpu3KRMQVWRc1J073xKdf0FC9EHOctSyzsACmp5Ag=="],

    "@opentelemetry/api": ["@opentelemetry/api@1.9.0", "", {}, "sha512-3giAOQvZiH5F9bMlMiv8+GSPMeqg0dbaeo58/0SlA9sxSqZhnUtxzX9/2FzyhS9sWQf5S0GJE0AKBrFqjpeYcg=="],

    "@opentui/core": ["@opentui/core@0.1.25", "", { "optionalDependencies": { "@dimforge/rapier2d-simd-compat": "^0.17.3", "@opentui/core-darwin-arm64": "0.1.25", "@opentui/core-darwin-x64": "0.1.25", "@opentui/core-linux-arm64": "0.1.25", "@opentui/core-linux-x64": "0.1.25", "@opentui/core-win32-arm64": "0.1.25", "@opentui/core-win32-x64": "0.1.25", "bun-webgpu": "0.1.3", "planck": "^1.4.2", "three": "0.177.0" } }, "sha512-QLx9dpgDJB+dOfQw2u41PixG1HnYqwgp0zxBgmUsy/Kg6RB//zppW1Nh25MwathCia7XKViXGQBrRxcRaO8YLg=="],

    "@opentui/core-darwin-arm64": ["@opentui/core-darwin-arm64@0.1.25", "", { "os": "darwin", "cpu": "arm64" }, "sha512-dnbRU908GMatdeuByLSj8UNxEw7HVpmf8qupjU6lAscdfPRDfrlhTakO9tizE/CVwo9VxgiP9kQuh1MHTXPtJg=="],

    "@opentui/core-darwin-x64": ["@opentui/core-darwin-x64@0.1.25", "", { "os": "darwin", "cpu": "x64" }, "sha512-5Mo8B5IOmAsQPgkFjiTPcyVnMgYCKEGVleEf2VARhbNw+SQbqqdblpZ4s0vf9OoncQ4U/nj2E8MGAcZmnIJtXA=="],

    "@opentui/core-linux-arm64": ["@opentui/core-linux-arm64@0.1.25", "", { "os": "linux", "cpu": "arm64" }, "sha512-7AEiKvrUO4xNckZbi1UXWCuYxWceH3CAd+ARUKSpkjtNLJ43f2jsVN+sqNKPvhqlcwdrk+5gVxJDSlthxIaaFg=="],

    "@opentui/core-linux-x64": ["@opentui/core-linux-x64@0.1.25", "", { "os": "linux", "cpu": "x64" }, "sha512-wbwQvFYArvINXqpeLm7ZjiD8JlEVq4i1IHdD7ElPKYWsJbqekv/sVLKP1P3YicHfY4Jlbe9s4i8bOMOZfZJycQ=="],

    "@opentui/core-win32-arm64": ["@opentui/core-win32-arm64@0.1.25", "", { "os": "win32", "cpu": "arm64" }, "sha512-5/Ij4zejWLLolbZ7nfNISBJefjJzLwfaqVzHe648g5EtppnLGjzQGnvorfEyUcQycAJY/gJTHi8SqnKhr166GA=="],

    "@opentui/core-win32-x64": ["@opentui/core-win32-x64@0.1.25", "", { "os": "win32", "cpu": "x64" }, "sha512-YXAMr6vO/AoPDHn3u46128EuOAE1Hz2GVlJMXxCm+AeMd9xzQdFOgml9qbjAq+ii5OXSyQG9wmRBeZQsWAniGA=="],

    "@opentui/react": ["@opentui/react@0.1.25", "", { "dependencies": { "@opentui/core": "0.1.25", "react-reconciler": "^0.32.0" }, "peerDependencies": { "react": ">=19.0.0" } }, "sha512-ObDUcSFg+y7pPQ/5mDwWdkR0ItV3oRJOyJXnsA3Rwx5iWPri8nhenkhjlFtPwx8yS0ApcD5KTzZqQq9GXdqJ1g=="],

    "@standard-schema/spec": ["@standard-schema/spec@1.0.0", "", {}, "sha512-m2bOd0f2RT9k8QJx1JN85cZYyH1RqFBdlwtkSlf4tBDYLCiiZnv1fIIwacK6cqwXavOydf0NPToMQgpKq+dVlA=="],

    "@types/bun": ["@types/bun@1.2.23", "", { "dependencies": { "bun-types": "1.2.23" } }, "sha512-le8ueOY5b6VKYf19xT3McVbXqLqmxzPXHsQT/q9JHgikJ2X22wyTW3g3ohz2ZMnp7dod6aduIiq8A14Xyimm0A=="],

    "@types/node": ["@types/node@24.3.0", "", { "dependencies": { "undici-types": "~7.10.0" } }, "sha512-aPTXCrfwnDLj4VvXrm+UUCQjNEvJgNA8s5F1cvwQU+3KNltTOkBm1j30uNLyqqPNe7gE3KFzImYoZEfLhp4Yow=="],

    "@types/react": ["@types/react@19.1.11", "", { "dependencies": { "csstype": "^3.0.2" } }, "sha512-lr3jdBw/BGj49Eps7EvqlUaoeA0xpj3pc0RoJkHpYaCHkVK7i28dKyImLQb3JVlqs3aYSXf7qYuWOW/fgZnTXQ=="],

    "@vercel/oidc": ["@vercel/oidc@3.0.1", "", {}, "sha512-V/YRVrJDqM6VaMBjRUrd6qRMrTKvZjHdVdEmdXsOZMulTa3iK98ijKTc3wldBmst6W5rHpqMoKllKcBAHgN7GQ=="],

    "@webgpu/types": ["@webgpu/types@0.1.64", "", {}, "sha512-84kRIAGV46LJTlJZWxShiOrNL30A+9KokD7RB3dRCIqODFjodS5tCD5yyiZ8kIReGVZSDfA3XkkwyyOIF6K62A=="],

    "ai": ["ai@5.0.60", "", { "dependencies": { "@ai-sdk/gateway": "1.0.33", "@ai-sdk/provider": "2.0.0", "@ai-sdk/provider-utils": "3.0.10", "@opentelemetry/api": "1.9.0" }, "peerDependencies": { "zod": "^3.25.76 || ^4.1.8" } }, "sha512-80U/3kmdBW6g+JkLXpz/P2EwkyEaWlPlYtuLUpx/JYK9F7WZh9NnkYoh1KvUi1Sbpo0NyurBTvX0a2AG9mmbDA=="],

    "bun-types": ["bun-types@1.2.23", "", { "dependencies": { "@types/node": "*" }, "peerDependencies": { "@types/react": "^19" } }, "sha512-R9f0hKAZXgFU3mlrA0YpE/fiDvwV0FT9rORApt2aQVWSuJDzZOyB5QLc0N/4HF57CS8IXJ6+L5E4W1bW6NS2Aw=="],

    "bun-webgpu": ["bun-webgpu@0.1.3", "", { "dependencies": { "@webgpu/types": "^0.1.60" }, "optionalDependencies": { "bun-webgpu-darwin-arm64": "^0.1.3", "bun-webgpu-darwin-x64": "^0.1.3", "bun-webgpu-linux-x64": "^0.1.3", "bun-webgpu-win32-x64": "^0.1.3" } }, "sha512-IXFxaIi4rgsEEpl9n/QVDm5RajCK/0FcOXZeMb52YRjoiAR1YVYK5hLrXT8cm+KDi6LVahA9GJFqOR4yiloVCw=="],

    "bun-webgpu-darwin-arm64": ["bun-webgpu-darwin-arm64@0.1.3", "", { "os": "darwin", "cpu": "arm64" }, "sha512-KkNQ9gT7dxGDndQaHTTHss9miukqpczML3pO2nZJoT/nITwe9lw3ZGFJMujkW41BUQ1mDYKFgo5nBGf9xYHPAg=="],

    "bun-webgpu-darwin-x64": ["bun-webgpu-darwin-x64@0.1.3", "", { "os": "darwin", "cpu": "x64" }, "sha512-TODWnMUbCoqD/wqzlB3oGOBIUWIFly0lqMeBFz/MBV+ndjbnkNrP9huaZJCTkCVEPKGtd1FCM3ExZUtBbnGziA=="],

    "bun-webgpu-linux-x64": ["bun-webgpu-linux-x64@0.1.3", "", { "os": "linux", "cpu": "x64" }, "sha512-lVHORoVu1G61XVM8CRRqUsqr6w8kMlpuSpbPGpKUpmvrsoay6ymXAhT5lRPKyrGNamHUQTknmWdI59aRDCfLtQ=="],

    "bun-webgpu-win32-x64": ["bun-webgpu-win32-x64@0.1.3", "", { "os": "win32", "cpu": "x64" }, "sha512-vlspsFffctJlBnFfs2lW3QgDD6LyFu8VT18ryID7Qka5poTj0clGVRxz7DFRi7yva3GovEGw/82z/WVc5US8Pw=="],

    "csstype": ["csstype@3.1.3", "", {}, "sha512-M1uQkMl8rQK/szD0LNhtqxIPLpimGm8sOBwU7lLnCpSbTyY3yeU1Vc7l4KT5zT4s/yOxHH5O7tIuuLOCnLADRw=="],

    "eventsource-parser": ["eventsource-parser@3.0.6", "", {}, "sha512-Vo1ab+QXPzZ4tCa8SwIHJFaSzy4R6SHf7BY79rFBDf0idraZWAkYrDjDj8uWaSm3S2TK+hJ7/t1CEmZ7jXw+pg=="],

    "json-schema": ["json-schema@0.4.0", "", {}, "sha512-es94M3nTIfsEPisRafak+HDLfHXnKBhV3vU5eqPcS3flIWqcxJWgXHXiey3YrpaNsanY5ei1VoYEbOzijuq9BA=="],

    "marked": ["marked@16.3.0", "", { "bin": { "marked": "bin/marked.js" } }, "sha512-K3UxuKu6l6bmA5FUwYho8CfJBlsUWAooKtdGgMcERSpF7gcBUrCGsLH7wDaaNOzwq18JzSUDyoEb/YsrqMac3w=="],

    "planck": ["planck@1.4.2", "", { "peerDependencies": { "stage-js": "^1.0.0-alpha.12" } }, "sha512-mNbhnV3g8X2rwGxzcesjmN8BDA6qfXgQxXVMkWau9MCRlQY0RLNEkyHlVp6yFy/X6qrzAXyNONCnZ1cGDLrNew=="],

    "react": ["react@19.2.0", "", {}, "sha512-tmbWg6W31tQLeB5cdIBOicJDJRR2KzXsV7uSK9iNfLWQ5bIZfxuPEHp7M8wiHyHnn0DD1i7w3Zmin0FtkrwoCQ=="],

    "react-reconciler": ["react-reconciler@0.32.0", "", { "dependencies": { "scheduler": "^0.26.0" }, "peerDependencies": { "react": "^19.1.0" } }, "sha512-2NPMOzgTlG0ZWdIf3qG+dcbLSoAc/uLfOwckc3ofy5sSK0pLJqnQLpUFxvGcN2rlXSjnVtGeeFLNimCQEj5gOQ=="],

    "scheduler": ["scheduler@0.26.0", "", {}, "sha512-NlHwttCI/l5gCPR3D1nNXtWABUmBwvZpEQiD4IXSbIDq8BzLIK/7Ir5gTFSGZDUu37K5cMNp0hFtzO38sC7gWA=="],

    "stage-js": ["stage-js@1.0.0-alpha.17", "", {}, "sha512-AzlMO+t51v6cFvKZ+Oe9DJnL1OXEH5s9bEy6di5aOrUpcP7PCzI/wIeXF0u3zg0L89gwnceoKxrLId0ZpYnNXw=="],

    "three": ["three@0.177.0", "", {}, "sha512-EiXv5/qWAaGI+Vz2A+JfavwYCMdGjxVsrn3oBwllUoqYeaBO75J63ZfyaQKoiLrqNHoTlUc6PFgMXnS0kI45zg=="],

    "typescript": ["typescript@5.9.2", "", { "bin": { "tsc": "bin/tsc", "tsserver": "bin/tsserver" } }, "sha512-CWBzXQrc/qOkhidw1OzBTQuYRbfyxDXJMVJ1XNwUHGROVmuaeiEm3OslpZ1RV96d7SKKjZKrSJu3+t/xlw3R9A=="],

    "undici-types": ["undici-types@7.10.0", "", {}, "sha512-t5Fy/nfn+14LuOc2KNYg75vZqClpAiqscVvMygNnlsHBFpSXdJaYtXMcdNLpl/Qvc3P2cB3s6lOV51nqsFq4ag=="],

    "zod": ["zod@3.25.76", "", {}, "sha512-gzUt/qt81nXsFGKIFcC3YnfEAx5NkunCfnDlvuBSSFS02bcXu4Lmea0AFIUwbLWxWPx3d9p8S5QoaujKcNQxcQ=="],
  }
}
